
Microsoft Visual Studio Solution File, Format Version 12.00
# Visual Studio Version 17
VisualStudioVersion = 17.0.31521.260
MinimumVisualStudioVersion = 10.0.40219.1
Project("{FAE04EC0-301F-11D3-BF4B-00C04F79EFBC}") = "MoistFunctions", "MoistFunctions\MoistFunctions.csproj", "{77174E8D-F0E8-4275-A361-70029AE1FA09}"
EndProject
Project("{FAE04EC0-301F-11D3-BF4B-00C04F79EFBC}") = "MoistAPI", "MoistAPI\MoistAPI.csproj", "{BF1048A4-6508-4580-BDF6-92E7606E741E}"
EndProject
Global
	GlobalSection(SolutionConfigurationPlatforms) = preSolution
		Debug|Any CPU = Debug|Any CPU
		Release|Any CPU = Release|Any CPU
	EndGlobalSection
	GlobalSection(ProjectConfigurationPlatforms) = postSolution
		{77174E8D-F0E8-4275-A361-70029AE1FA09}.Debug|Any CPU.ActiveCfg = Debug|Any CPU
		{77174E8D-F0E8-4275-A361-70029AE1FA09}.Debug|Any CPU.Build.0 = Debug|Any CPU
		{77174E8D-F0E8-4275-A361-70029AE1FA09}.Release|Any CPU.ActiveCfg = Release|Any CPU
		{77174E8D-F0E8-4275-A361-70029AE1FA09}.Release|Any CPU.Build.0 = Release|Any CPU
		{BF1048A4-6508-4580-BDF6-92E7606E741E}.Debug|Any CPU.ActiveCfg = Debug|Any CPU
		{BF1048A4-6508-4580-BDF6-92E7606E741E}.Debug|Any CPU.Build.0 = Debug|Any CPU
		{BF1048A4-6508-4580-BDF6-92E7606E741E}.Release|Any CPU.ActiveCfg = Release|Any CPU
		{BF1048A4-6508-4580-BDF6-92E7606E741E}.Release|Any CPU.Build.0 = Release|Any CPU
	EndGlobalSection
	GlobalSection(SolutionProperties) = preSolution
		HideSolutionNode = FALSE
	EndGlobalSection
	GlobalSection(ExtensibilityGlobals) = postSolution
		SolutionGuid = {B94CEF64-51E6-470E-ACDC-363B7D6AD00B}
	EndGlobalSection
EndGlobal
